
Microsoft Visual Studio Solution File, Format Version 12.00
# Visual Studio Version 17
VisualStudioVersion = 17.10.35013.160
MinimumVisualStudioVersion = 10.0.40219.1
Project("{FAE04EC0-301F-11D3-BF4B-00C04F79EFBC}") = "SchoollSystem", "SchoollSystem.csproj", "{B362928B-36BA-4818-BC43-2ED64E5AC72C}"
EndProject
Project("{FAE04EC0-301F-11D3-BF4B-00C04F79EFBC}") = "Schooll.Domain", "..\Schooll.Domain\Schooll.Domain.csproj", "{24F50485-5042-49F4-B0B7-BBB19A3225D0}"
EndProject
Project("{FAE04EC0-301F-11D3-BF4B-00C04F79EFBC}") = "Schooll.Infraestructura", "..\Schooll.Infraestructura\Schooll.Infraestructura.csproj", "{73C0299F-967C-4A69-A2ED-4EA5DDE395BD}"
EndProject
Global
	GlobalSection(SolutionConfigurationPlatforms) = preSolution
		Debug|Any CPU = Debug|Any CPU
		Release|Any CPU = Release|Any CPU
	EndGlobalSection
	GlobalSection(ProjectConfigurationPlatforms) = postSolution
		{B362928B-36BA-4818-BC43-2ED64E5AC72C}.Debug|Any CPU.ActiveCfg = Debug|Any CPU
		{B362928B-36BA-4818-BC43-2ED64E5AC72C}.Debug|Any CPU.Build.0 = Debug|Any CPU
		{B362928B-36BA-4818-BC43-2ED64E5AC72C}.Release|Any CPU.ActiveCfg = Release|Any CPU
		{B362928B-36BA-4818-BC43-2ED64E5AC72C}.Release|Any CPU.Build.0 = Release|Any CPU
		{24F50485-5042-49F4-B0B7-BBB19A3225D0}.Debug|Any CPU.ActiveCfg = Debug|Any CPU
		{24F50485-5042-49F4-B0B7-BBB19A3225D0}.Debug|Any CPU.Build.0 = Debug|Any CPU
		{24F50485-5042-49F4-B0B7-BBB19A3225D0}.Release|Any CPU.ActiveCfg = Release|Any CPU
		{24F50485-5042-49F4-B0B7-BBB19A3225D0}.Release|Any CPU.Build.0 = Release|Any CPU
		{73C0299F-967C-4A69-A2ED-4EA5DDE395BD}.Debug|Any CPU.ActiveCfg = Debug|Any CPU
		{73C0299F-967C-4A69-A2ED-4EA5DDE395BD}.Debug|Any CPU.Build.0 = Debug|Any CPU
		{73C0299F-967C-4A69-A2ED-4EA5DDE395BD}.Release|Any CPU.ActiveCfg = Release|Any CPU
		{73C0299F-967C-4A69-A2ED-4EA5DDE395BD}.Release|Any CPU.Build.0 = Release|Any CPU
	EndGlobalSection
	GlobalSection(SolutionProperties) = preSolution
		HideSolutionNode = FALSE
	EndGlobalSection
	GlobalSection(ExtensibilityGlobals) = postSolution
		SolutionGuid = {EE7F9450-322C-414F-ADFE-6E98215510B2}
	EndGlobalSection
EndGlobal
